
Microsoft Visual Studio Solution File, Format Version 12.00
# Visual Studio Version 16
VisualStudioVersion = 16.0.31729.503
MinimumVisualStudioVersion = 10.0.40219.1
Project("{FAE04EC0-301F-11D3-BF4B-00C04F79EFBC}") = "Contact Tracing Form_OOP", "Contact Tracing Form_OOP\Contact Tracing Form_OOP.csproj", "{23B3B516-EF8C-41C3-A311-4B99B639447A}"
EndProject
Global
	GlobalSection(SolutionConfigurationPlatforms) = preSolution
		Debug|Any CPU = Debug|Any CPU
		Release|Any CPU = Release|Any CPU
	EndGlobalSection
	GlobalSection(ProjectConfigurationPlatforms) = postSolution
		{23B3B516-EF8C-41C3-A311-4B99B639447A}.Debug|Any CPU.ActiveCfg = Debug|Any CPU
		{23B3B516-EF8C-41C3-A311-4B99B639447A}.Debug|Any CPU.Build.0 = Debug|Any CPU
		{23B3B516-EF8C-41C3-A311-4B99B639447A}.Release|Any CPU.ActiveCfg = Release|Any CPU
		{23B3B516-EF8C-41C3-A311-4B99B639447A}.Release|Any CPU.Build.0 = Release|Any CPU
	EndGlobalSection
	GlobalSection(SolutionProperties) = preSolution
		HideSolutionNode = FALSE
	EndGlobalSection
	GlobalSection(ExtensibilityGlobals) = postSolution
		SolutionGuid = {62FAB553-EF47-473E-8216-1E14B00F7335}
	EndGlobalSection
EndGlobal
